
Microsoft Visual Studio Solution File, Format Version 12.00
# Visual Studio Version 17
VisualStudioVersion = 17.6.33815.320
MinimumVisualStudioVersion = 10.0.40219.1
Project("{FAE04EC0-301F-11D3-BF4B-00C04F79EFBC}") = "PizzaSystemDT", "PizzaOrderSystem\PizzaSystemDT.csproj", "{03C553B2-5393-41AD-8A5F-7EB98AADD107}"
EndProject
Project("{2150E333-8FDC-42A3-9474-1A3956D46DE8}") = "Solution Items", "Solution Items", "{0CA6761F-1291-4075-AD78-5BAF7F43F6E5}"
	ProjectSection(SolutionItems) = preProject
		C:\Users\Danie\Downloads\pine.jpg = C:\Users\Danie\Downloads\pine.jpg
	EndProjectSection
EndProject
Global
	GlobalSection(SolutionConfigurationPlatforms) = preSolution
		Debug|Any CPU = Debug|Any CPU
		Release|Any CPU = Release|Any CPU
	EndGlobalSection
	GlobalSection(ProjectConfigurationPlatforms) = postSolution
		{03C553B2-5393-41AD-8A5F-7EB98AADD107}.Debug|Any CPU.ActiveCfg = Debug|Any CPU
		{03C553B2-5393-41AD-8A5F-7EB98AADD107}.Debug|Any CPU.Build.0 = Debug|Any CPU
		{03C553B2-5393-41AD-8A5F-7EB98AADD107}.Release|Any CPU.ActiveCfg = Release|Any CPU
		{03C553B2-5393-41AD-8A5F-7EB98AADD107}.Release|Any CPU.Build.0 = Release|Any CPU
	EndGlobalSection
	GlobalSection(SolutionProperties) = preSolution
		HideSolutionNode = FALSE
	EndGlobalSection
	GlobalSection(ExtensibilityGlobals) = postSolution
		SolutionGuid = {4897E539-BFA0-4E5E-A2C5-4B25BA5366D7}
	EndGlobalSection
EndGlobal
